
Microsoft Visual Studio Solution File, Format Version 12.00
# Visual Studio Version 17
VisualStudioVersion = 17.6.33723.286
MinimumVisualStudioVersion = 10.0.40219.1
Project("{FAE04EC0-301F-11D3-BF4B-00C04F79EFBC}") = "UnitTest_Demo", "UnitTest_Demo\UnitTest_Demo.csproj", "{EF42223E-5BF8-463F-8626-BE5ED7B4B53F}"
EndProject
Project("{FAE04EC0-301F-11D3-BF4B-00C04F79EFBC}") = "MSTest", "MSTest\MSTest.csproj", "{4CF1B2F1-E197-4BAE-96B7-A97B2F3EB0B5}"
EndProject
Global
	GlobalSection(SolutionConfigurationPlatforms) = preSolution
		Debug|Any CPU = Debug|Any CPU
		Release|Any CPU = Release|Any CPU
	EndGlobalSection
	GlobalSection(ProjectConfigurationPlatforms) = postSolution
		{EF42223E-5BF8-463F-8626-BE5ED7B4B53F}.Debug|Any CPU.ActiveCfg = Debug|Any CPU
		{EF42223E-5BF8-463F-8626-BE5ED7B4B53F}.Debug|Any CPU.Build.0 = Debug|Any CPU
		{EF42223E-5BF8-463F-8626-BE5ED7B4B53F}.Release|Any CPU.ActiveCfg = Release|Any CPU
		{EF42223E-5BF8-463F-8626-BE5ED7B4B53F}.Release|Any CPU.Build.0 = Release|Any CPU
		{4CF1B2F1-E197-4BAE-96B7-A97B2F3EB0B5}.Debug|Any CPU.ActiveCfg = Debug|Any CPU
		{4CF1B2F1-E197-4BAE-96B7-A97B2F3EB0B5}.Debug|Any CPU.Build.0 = Debug|Any CPU
		{4CF1B2F1-E197-4BAE-96B7-A97B2F3EB0B5}.Release|Any CPU.ActiveCfg = Release|Any CPU
		{4CF1B2F1-E197-4BAE-96B7-A97B2F3EB0B5}.Release|Any CPU.Build.0 = Release|Any CPU
	EndGlobalSection
	GlobalSection(SolutionProperties) = preSolution
		HideSolutionNode = FALSE
	EndGlobalSection
	GlobalSection(ExtensibilityGlobals) = postSolution
		SolutionGuid = {0D5A480A-657B-4851-9C13-ED59785D0701}
	EndGlobalSection
EndGlobal
